
Microsoft Visual Studio Solution File, Format Version 12.00
# Visual Studio Version 16
VisualStudioVersion = 16.0.810.5
MinimumVisualStudioVersion = 10.0.40219.1
Project("{FAE04EC0-301F-11D3-BF4B-00C04F79EFBC}") = "HiddenVilla_Server", "HiddenVilla_Server\HiddenVilla_Server.csproj", "{C6701AD1-649A-4134-9C0E-DB7523960375}"
EndProject
Global
	GlobalSection(SolutionConfigurationPlatforms) = preSolution
		Debug|Any CPU = Debug|Any CPU
		Release|Any CPU = Release|Any CPU
	EndGlobalSection
	GlobalSection(ProjectConfigurationPlatforms) = postSolution
		{C6701AD1-649A-4134-9C0E-DB7523960375}.Debug|Any CPU.ActiveCfg = Debug|Any CPU
		{C6701AD1-649A-4134-9C0E-DB7523960375}.Debug|Any CPU.Build.0 = Debug|Any CPU
		{C6701AD1-649A-4134-9C0E-DB7523960375}.Release|Any CPU.ActiveCfg = Release|Any CPU
		{C6701AD1-649A-4134-9C0E-DB7523960375}.Release|Any CPU.Build.0 = Release|Any CPU
	EndGlobalSection
	GlobalSection(SolutionProperties) = preSolution
		HideSolutionNode = FALSE
	EndGlobalSection
	GlobalSection(ExtensibilityGlobals) = postSolution
		SolutionGuid = {A8620E9B-3C7C-4FE5-908A-CC5CDA755A7A}
	EndGlobalSection
EndGlobal
